github.com/goburrow/cache v0.1.0 h1:fLNGLIWhng4Vw3AjbafHou7R3M5wiaz2tMhg6aFkqXM=
github.com/goburrow/cache v0.1.0/go.mod h1:8oxkfud4hvjO4tNjEKZfEd+LrpDVDlBIauGYsWGEzio=
github.com/gorilla/mux v1.7.3 h1:gnP5JzjVOuiZD07fKKToCAOjS0yOpj/qPETTXCCS6hw=
github.com/gorilla/mux v1.7.3/go.mod h1:1lud6UwP+6orDFRuTfBEV8e9/aOM/c4fVVCaMa2zaAs=
github.com/ryanbradynd05/go-tmdb v0.0.0-20190901200645-e8dd22863620 h1:/tqL3Q8rBvQOqeUgi9UTgUQof/JVwdlw3jxMMpeIwos=
github.com/ryanbradynd05/go-tmdb v0.0.0-20190901200645-e8dd22863620/go.mod h1:k/112WTJ3EoR7wjhtx8kOXO22CKNvJy+rNzGPXnuEsI=
